<?xml version="1.0" encoding="utf-8"?>
<Project ToolsVersion="4.0" xmlns="http://schemas.microsoft.com/developer/msbuild/2003">
  <ItemGroup>
    <Filter Include="include">
      <UniqueIdentifier>{7feed74c-41d0-4a17-93ca-9e368259955d}</UniqueIdentifier>
    </Filter>
    <Filter Include="headers">
      <UniqueIdentifier>{93995380-89BD-4b04-88EB-625FBE52EBFB}</UniqueIdentifier>
      <Extensions>h;hh;hpp;hxx;h++;hm;inl;inc;ipp;xsd</Extensions>
    </Filter>
    <Filter Include="sources">
      <UniqueIdentifier>{4FC737F1-C7A5-4376-A066-2A32D752A2FF}</UniqueIdentifier>
      <Extensions>cpp;c;cc;cxx;c++;cppm;ixx;def;odl;idl;hpj;bat;asm;asmx</Extensions>
    </Filter>
    <Filter Include="resource">
      <UniqueIdentifier>{b42fa9c3-26f9-488c-ac27-d54504489d13}</UniqueIdentifier>
    </Filter>
  </ItemGroup>
  <ItemGroup>
    <ClCompile Include="main.cpp">
      <Filter>sources</Filter>
    </ClCompile>
    <ClCompile Include="utils.cpp">
      <Filter>sources</Filter>
    </ClCompile>
    <ClCompile Include="wrappers.cpp">
      <Filter>sources</Filter>
    </ClCompile>
    <ClCompile Include="generic.cpp">
      <Filter>sources</Filter>
    </ClCompile>
    <ClCompile Include="memory.cpp">
      <Filter>sources</Filter>
    </ClCompile>
    <ClCompile Include="engine.cpp">
      <Filter>sources</Filter>
    </ClCompile>
    <ClCompile Include="dumper.cpp">
      <Filter>sources</Filter>
    </ClCompile>
    <ClCompile Include="RefGraphSolver.cpp">
      <Filter>sources</Filter>
    </ClCompile>
    <ClCompile Include="EngineHeaderExport.cpp">
      <Filter>sources</Filter>
    </ClCompile>
    <ClCompile Include="ClassSizeFixer.cpp">
      <Filter>sources</Filter>
    </ClCompile>
  </ItemGroup>
  <ItemGroup>
    <ClInclude Include="engine.h">
      <Filter>headers</Filter>
    </ClInclude>
    <ClInclude Include="utils.h">
      <Filter>headers</Filter>
    </ClInclude>
    <ClInclude Include="memory.h">
      <Filter>headers</Filter>
    </ClInclude>
    <ClInclude Include="wrappers.h">
      <Filter>headers</Filter>
    </ClInclude>
    <ClInclude Include="generic.h">
      <Filter>headers</Filter>
    </ClInclude>
    <ClInclude Include="defs.h">
      <Filter>headers</Filter>
    </ClInclude>
    <ClInclude Include="dumper.h">
      <Filter>headers</Filter>
    </ClInclude>
    <ClInclude Include="RefGraphSolver.h">
      <Filter>headers</Filter>
    </ClInclude>
    <ClInclude Include="EngineHeaderExport.h">
      <Filter>headers</Filter>
    </ClInclude>
    <ClInclude Include="resource.h">
      <Filter>headers</Filter>
    </ClInclude>
    <ClInclude Include="ClassSizeFixer.h">
      <Filter>headers</Filter>
    </ClInclude>
  </ItemGroup>
  <ItemGroup>
    <ResourceCompile Include="engine_code.rc">
      <Filter>resource</Filter>
    </ResourceCompile>
  </ItemGroup>
</Project>